
Microsoft Visual Studio Solution File, Format Version 12.00
# Visual Studio Version 16
VisualStudioVersion = 16.0.30503.244
MinimumVisualStudioVersion = 10.0.40219.1
Project("{FAE04EC0-301F-11D3-BF4B-00C04F79EFBC}") = "OnlineMedicineStore", "OnlineMedicineStore\OnlineMedicineStore.csproj", "{3C95D29A-A106-43A6-832C-405C6B86BEEA}"
EndProject
Global
	GlobalSection(SolutionConfigurationPlatforms) = preSolution
		Debug|Any CPU = Debug|Any CPU
		Release|Any CPU = Release|Any CPU
	EndGlobalSection
	GlobalSection(ProjectConfigurationPlatforms) = postSolution
		{3C95D29A-A106-43A6-832C-405C6B86BEEA}.Debug|Any CPU.ActiveCfg = Debug|Any CPU
		{3C95D29A-A106-43A6-832C-405C6B86BEEA}.Debug|Any CPU.Build.0 = Debug|Any CPU
		{3C95D29A-A106-43A6-832C-405C6B86BEEA}.Release|Any CPU.ActiveCfg = Release|Any CPU
		{3C95D29A-A106-43A6-832C-405C6B86BEEA}.Release|Any CPU.Build.0 = Release|Any CPU
	EndGlobalSection
	GlobalSection(SolutionProperties) = preSolution
		HideSolutionNode = FALSE
	EndGlobalSection
	GlobalSection(ExtensibilityGlobals) = postSolution
		SolutionGuid = {D64C0E60-0C45-41DA-AF78-C7AEE5A25E6D}
	EndGlobalSection
EndGlobal
